
Microsoft Visual Studio Solution File, Format Version 12.00
# Visual Studio Version 16
VisualStudioVersion = 16.0.30523.141
MinimumVisualStudioVersion = 10.0.40219.1
Project("{FAE04EC0-301F-11D3-BF4B-00C04F79EFBC}") = "PRSCapstoneProject", "PRSCapstoneProject\PRSCapstoneProject.csproj", "{55013E24-3680-47C4-8AE1-FFD54171B83A}"
EndProject
Project("{FAE04EC0-301F-11D3-BF4B-00C04F79EFBC}") = "PRSLib", "PRSLib\PRSLib.csproj", "{922B94CD-B081-4DB6-9497-2621E4F2ECDD}"
EndProject
Global
	GlobalSection(SolutionConfigurationPlatforms) = preSolution
		Debug|Any CPU = Debug|Any CPU
		Release|Any CPU = Release|Any CPU
	EndGlobalSection
	GlobalSection(ProjectConfigurationPlatforms) = postSolution
		{55013E24-3680-47C4-8AE1-FFD54171B83A}.Debug|Any CPU.ActiveCfg = Debug|Any CPU
		{55013E24-3680-47C4-8AE1-FFD54171B83A}.Debug|Any CPU.Build.0 = Debug|Any CPU
		{55013E24-3680-47C4-8AE1-FFD54171B83A}.Release|Any CPU.ActiveCfg = Release|Any CPU
		{55013E24-3680-47C4-8AE1-FFD54171B83A}.Release|Any CPU.Build.0 = Release|Any CPU
		{922B94CD-B081-4DB6-9497-2621E4F2ECDD}.Debug|Any CPU.ActiveCfg = Debug|Any CPU
		{922B94CD-B081-4DB6-9497-2621E4F2ECDD}.Debug|Any CPU.Build.0 = Debug|Any CPU
		{922B94CD-B081-4DB6-9497-2621E4F2ECDD}.Release|Any CPU.ActiveCfg = Release|Any CPU
		{922B94CD-B081-4DB6-9497-2621E4F2ECDD}.Release|Any CPU.Build.0 = Release|Any CPU
	EndGlobalSection
	GlobalSection(SolutionProperties) = preSolution
		HideSolutionNode = FALSE
	EndGlobalSection
	GlobalSection(ExtensibilityGlobals) = postSolution
		SolutionGuid = {0EA62E39-407D-43EF-81D7-956CA25CECAE}
	EndGlobalSection
EndGlobal
